
Microsoft Visual Studio Solution File, Format Version 12.00
# Visual Studio 15
VisualStudioVersion = 15.0.27703.2026
MinimumVisualStudioVersion = 10.0.40219.1
Project("{9A19103F-16F7-4668-BE54-9A1E7A4F7556}") = "Northwind.Data", "Northwind.Data\Northwind.Data.csproj", "{2BC85545-AFD2-467C-8C10-2CD2D07A5A7A}"
EndProject
Global
	GlobalSection(SolutionConfigurationPlatforms) = preSolution
		Debug|Any CPU = Debug|Any CPU
		Release|Any CPU = Release|Any CPU
	EndGlobalSection
	GlobalSection(ProjectConfigurationPlatforms) = postSolution
		{2BC85545-AFD2-467C-8C10-2CD2D07A5A7A}.Debug|Any CPU.ActiveCfg = Debug|Any CPU
		{2BC85545-AFD2-467C-8C10-2CD2D07A5A7A}.Debug|Any CPU.Build.0 = Debug|Any CPU
		{2BC85545-AFD2-467C-8C10-2CD2D07A5A7A}.Release|Any CPU.ActiveCfg = Release|Any CPU
		{2BC85545-AFD2-467C-8C10-2CD2D07A5A7A}.Release|Any CPU.Build.0 = Release|Any CPU
	EndGlobalSection
	GlobalSection(SolutionProperties) = preSolution
		HideSolutionNode = FALSE
	EndGlobalSection
	GlobalSection(ExtensibilityGlobals) = postSolution
		SolutionGuid = {EE4ED335-5879-4ADE-BCFA-A3B53F5CE484}
	EndGlobalSection
EndGlobal
